<Solution>
  <Folder Name="/app/">
    <Project Path="app/AI.NLI.Demo/AI.NLI.Demo.csproj" />
  </Folder>
  <Folder Name="/src/">
    <Project Path="src/AI.NLI/AI.NLI.csproj" />
  </Folder>
  <Folder Name="/tests/">
    <Project Path="tests/AI.NLI.Eval/AI.NLI.Eval.csproj" />
    <Project Path="tests/AI.NLI.Tests/AI.NLI.Tests.csproj" />
  </Folder>
</Solution>
